{
  "version": 4,
  "terraform_version": "1.10.2",
  "serial": 410,
  "lineage": "1f1e7180-ae9a-f20c-dd4f-6414f6d4418a",
  "outputs": {
    "load_balancer_dns": {
      "value": "main-alb-1714049167.us-east-1.elb.amazonaws.com",
      "type": "string"
    },
    "public_instance_1_ip": {
      "value": "54.166.207.86",
      "type": "string"
    },
    "public_instance_2_ip": {
      "value": "107.23.220.13",
      "type": "string"
    }
  },
  "resources": [
    {
      "mode": "managed",
      "type": "aws_instance",
      "name": "ec2_1a",
      "provider": "provider[\"registry.terraform.io/hashicorp/aws\"]",
      "instances": [
        {
          "schema_version": 1,
          "attributes": {
            "ami": "ami-0c7217cdde317cfec",
            "arn": "arn:aws:ec2:us-east-1:324037288403:instance/i-0dc63f6ceb71c9b7b",
            "associate_public_ip_address": true,
            "availability_zone": "us-east-1a",
            "capacity_reservation_specification": [
              {
                "capacity_reservation_preference": "open",
                "capacity_reservation_target": []
              }
            ],
            "cpu_core_count": 1,
            "cpu_options": [
              {
                "amd_sev_snp": "",
                "core_count": 1,
                "threads_per_core": 1
              }
            ],
            "cpu_threads_per_core": 1,
            "credit_specification": [
              {
                "cpu_credits": "standard"
              }
            ],
            "disable_api_stop": false,
            "disable_api_termination": false,
            "ebs_block_device": [],
            "ebs_optimized": false,
            "enclave_options": [
              {
                "enabled": false
              }
            ],
            "ephemeral_block_device": [],
            "get_password_data": false,
            "hibernation": false,
            "host_id": "",
            "host_resource_group_arn": null,
            "iam_instance_profile": "",
            "id": "i-0dc63f6ceb71c9b7b",
            "instance_initiated_shutdown_behavior": "stop",
            "instance_lifecycle": "",
            "instance_market_options": [],
            "instance_state": "running",
            "instance_type": "t2.micro",
            "ipv6_address_count": 0,
            "ipv6_addresses": [],
            "key_name": "terraform-key-pair",
            "launch_template": [],
            "maintenance_options": [
              {
                "auto_recovery": "default"
              }
            ],
            "metadata_options": [
              {
                "http_endpoint": "enabled",
                "http_protocol_ipv6": "disabled",
                "http_put_response_hop_limit": 1,
                "http_tokens": "optional",
                "instance_metadata_tags": "disabled"
              }
            ],
            "monitoring": false,
            "network_interface": [],
            "outpost_arn": "",
            "password_data": "",
            "placement_group": "",
            "placement_partition_number": 0,
            "primary_network_interface_id": "eni-076593a87cfdfd0d5",
            "private_dns": "ip-10-0-1-125.ec2.internal",
            "private_dns_name_options": [
              {
                "enable_resource_name_dns_a_record": false,
                "enable_resource_name_dns_aaaa_record": false,
                "hostname_type": "ip-name"
              }
            ],
            "private_ip": "10.0.1.125",
            "public_dns": "ec2-54-166-207-86.compute-1.amazonaws.com",
            "public_ip": "54.166.207.86",
            "root_block_device": [
              {
                "delete_on_termination": true,
                "device_name": "/dev/sda1",
                "encrypted": false,
                "iops": 100,
                "kms_key_id": "",
                "tags": {},
                "tags_all": {},
                "throughput": 0,
                "volume_id": "vol-04fca37f69c1fbf57",
                "volume_size": 8,
                "volume_type": "gp2"
              }
            ],
            "secondary_private_ips": [],
            "security_groups": [],
            "source_dest_check": true,
            "spot_instance_request_id": "",
            "subnet_id": "subnet-0c7248740baf7271c",
            "tags": {
              "Name": "ec2-instance-1a"
            },
            "tags_all": {
              "Name": "ec2-instance-1a"
            },
            "tenancy": "default",
            "timeouts": null,
            "user_data": "4e60f34098eba579b559a4b637f69b94a3ae5ad7",
            "user_data_base64": null,
            "user_data_replace_on_change": false,
            "volume_tags": null,
            "vpc_security_group_ids": [
              "sg-0e8f92835f098d1fd"
            ]
          },
          "sensitive_attributes": [],
          "private": "eyJlMmJmYjczMC1lY2FhLTExZTYtOGY4OC0zNDM2M2JjN2M0YzAiOnsiY3JlYXRlIjo2MDAwMDAwMDAwMDAsImRlbGV0ZSI6MTIwMDAwMDAwMDAwMCwicmVhZCI6OTAwMDAwMDAwMDAwLCJ1cGRhdGUiOjYwMDAwMDAwMDAwMH0sInNjaGVtYV92ZXJzaW9uIjoiMSJ9",
          "dependencies": [
            "aws_security_group.ec2_sg",
            "aws_security_group.lb_sg",
            "module.network.aws_subnet.main-1a",
            "module.network.aws_vpc.main"
          ]
        }
      ]
    },
    {
      "mode": "managed",
      "type": "aws_instance",
      "name": "ec2_1b",
      "provider": "provider[\"registry.terraform.io/hashicorp/aws\"]",
      "instances": [
        {
          "schema_version": 1,
          "attributes": {
            "ami": "ami-0c7217cdde317cfec",
            "arn": "arn:aws:ec2:us-east-1:324037288403:instance/i-05a9d351fc93ecf29",
            "associate_public_ip_address": true,
            "availability_zone": "us-east-1b",
            "capacity_reservation_specification": [
              {
                "capacity_reservation_preference": "open",
                "capacity_reservation_target": []
              }
            ],
            "cpu_core_count": 1,
            "cpu_options": [
              {
                "amd_sev_snp": "",
                "core_count": 1,
                "threads_per_core": 1
              }
            ],
            "cpu_threads_per_core": 1,
            "credit_specification": [
              {
                "cpu_credits": "standard"
              }
            ],
            "disable_api_stop": false,
            "disable_api_termination": false,
            "ebs_block_device": [],
            "ebs_optimized": false,
            "enclave_options": [
              {
                "enabled": false
              }
            ],
            "ephemeral_block_device": [],
            "get_password_data": false,
            "hibernation": false,
            "host_id": "",
            "host_resource_group_arn": null,
            "iam_instance_profile": "",
            "id": "i-05a9d351fc93ecf29",
            "instance_initiated_shutdown_behavior": "stop",
            "instance_lifecycle": "",
            "instance_market_options": [],
            "instance_state": "running",
            "instance_type": "t2.micro",
            "ipv6_address_count": 0,
            "ipv6_addresses": [],
            "key_name": "terraform-key-pair",
            "launch_template": [],
            "maintenance_options": [
              {
                "auto_recovery": "default"
              }
            ],
            "metadata_options": [
              {
                "http_endpoint": "enabled",
                "http_protocol_ipv6": "disabled",
                "http_put_response_hop_limit": 1,
                "http_tokens": "optional",
                "instance_metadata_tags": "disabled"
              }
            ],
            "monitoring": false,
            "network_interface": [],
            "outpost_arn": "",
            "password_data": "",
            "placement_group": "",
            "placement_partition_number": 0,
            "primary_network_interface_id": "eni-08666de7c2d551134",
            "private_dns": "ip-10-0-2-142.ec2.internal",
            "private_dns_name_options": [
              {
                "enable_resource_name_dns_a_record": false,
                "enable_resource_name_dns_aaaa_record": false,
                "hostname_type": "ip-name"
              }
            ],
            "private_ip": "10.0.2.142",
            "public_dns": "ec2-107-23-220-13.compute-1.amazonaws.com",
            "public_ip": "107.23.220.13",
            "root_block_device": [
              {
                "delete_on_termination": true,
                "device_name": "/dev/sda1",
                "encrypted": false,
                "iops": 100,
                "kms_key_id": "",
                "tags": {},
                "tags_all": {},
                "throughput": 0,
                "volume_id": "vol-07e4efeb7771e897f",
                "volume_size": 8,
                "volume_type": "gp2"
              }
            ],
            "secondary_private_ips": [],
            "security_groups": [],
            "source_dest_check": true,
            "spot_instance_request_id": "",
            "subnet_id": "subnet-0ad045acaa1f9bea9",
            "tags": {
              "Name": "ec2-instance-1b"
            },
            "tags_all": {
              "Name": "ec2-instance-1b"
            },
            "tenancy": "default",
            "timeouts": null,
            "user_data": "f44f69fde549f15e84621bd0285874ef9116766e",
            "user_data_base64": null,
            "user_data_replace_on_change": false,
            "volume_tags": null,
            "vpc_security_group_ids": [
              "sg-0e8f92835f098d1fd"
            ]
          },
          "sensitive_attributes": [],
          "private": "eyJlMmJmYjczMC1lY2FhLTExZTYtOGY4OC0zNDM2M2JjN2M0YzAiOnsiY3JlYXRlIjo2MDAwMDAwMDAwMDAsImRlbGV0ZSI6MTIwMDAwMDAwMDAwMCwicmVhZCI6OTAwMDAwMDAwMDAwLCJ1cGRhdGUiOjYwMDAwMDAwMDAwMH0sInNjaGVtYV92ZXJzaW9uIjoiMSJ9",
          "dependencies": [
            "aws_security_group.ec2_sg",
            "aws_security_group.lb_sg",
            "module.network.aws_subnet.main_1b",
            "module.network.aws_vpc.main"
          ]
        }
      ]
    },
    {
      "mode": "managed",
      "type": "aws_instance",
      "name": "private_ec2_1a",
      "provider": "provider[\"registry.terraform.io/hashicorp/aws\"]",
      "instances": [
        {
          "schema_version": 1,
          "attributes": {
            "ami": "ami-0c7217cdde317cfec",
            "arn": "arn:aws:ec2:us-east-1:324037288403:instance/i-0fc538ade4c60b23b",
            "associate_public_ip_address": false,
            "availability_zone": "us-east-1a",
            "capacity_reservation_specification": [
              {
                "capacity_reservation_preference": "open",
                "capacity_reservation_target": []
              }
            ],
            "cpu_core_count": 1,
            "cpu_options": [
              {
                "amd_sev_snp": "",
                "core_count": 1,
                "threads_per_core": 1
              }
            ],
            "cpu_threads_per_core": 1,
            "credit_specification": [
              {
                "cpu_credits": "standard"
              }
            ],
            "disable_api_stop": false,
            "disable_api_termination": false,
            "ebs_block_device": [],
            "ebs_optimized": false,
            "enclave_options": [
              {
                "enabled": false
              }
            ],
            "ephemeral_block_device": [],
            "get_password_data": false,
            "hibernation": false,
            "host_id": "",
            "host_resource_group_arn": null,
            "iam_instance_profile": "",
            "id": "i-0fc538ade4c60b23b",
            "instance_initiated_shutdown_behavior": "stop",
            "instance_lifecycle": "",
            "instance_market_options": [],
            "instance_state": "running",
            "instance_type": "t2.micro",
            "ipv6_address_count": 0,
            "ipv6_addresses": [],
            "key_name": "terraform-key-pair",
            "launch_template": [],
            "maintenance_options": [
              {
                "auto_recovery": "default"
              }
            ],
            "metadata_options": [
              {
                "http_endpoint": "enabled",
                "http_protocol_ipv6": "disabled",
                "http_put_response_hop_limit": 1,
                "http_tokens": "optional",
                "instance_metadata_tags": "disabled"
              }
            ],
            "monitoring": false,
            "network_interface": [],
            "outpost_arn": "",
            "password_data": "",
            "placement_group": "",
            "placement_partition_number": 0,
            "primary_network_interface_id": "eni-083b4ddc76b807f02",
            "private_dns": "ip-10-0-3-211.ec2.internal",
            "private_dns_name_options": [
              {
                "enable_resource_name_dns_a_record": false,
                "enable_resource_name_dns_aaaa_record": false,
                "hostname_type": "ip-name"
              }
            ],
            "private_ip": "10.0.3.211",
            "public_dns": "",
            "public_ip": "",
            "root_block_device": [
              {
                "delete_on_termination": true,
                "device_name": "/dev/sda1",
                "encrypted": false,
                "iops": 100,
                "kms_key_id": "",
                "tags": {},
                "tags_all": {},
                "throughput": 0,
                "volume_id": "vol-0f904aa9e627a2e06",
                "volume_size": 8,
                "volume_type": "gp2"
              }
            ],
            "secondary_private_ips": [],
            "security_groups": [],
            "source_dest_check": true,
            "spot_instance_request_id": "",
            "subnet_id": "subnet-0508b674290ab86d4",
            "tags": {
              "Name": "private-ec2-instance-1a"
            },
            "tags_all": {
              "Name": "private-ec2-instance-1a"
            },
            "tenancy": "default",
            "timeouts": null,
            "user_data": "7874ace865de6416a36d4788b41c204906b44a71",
            "user_data_base64": null,
            "user_data_replace_on_change": false,
            "volume_tags": null,
            "vpc_security_group_ids": [
              "sg-0d4e9021b1ed97d66"
            ]
          },
          "sensitive_attributes": [],
          "private": "eyJlMmJmYjczMC1lY2FhLTExZTYtOGY4OC0zNDM2M2JjN2M0YzAiOnsiY3JlYXRlIjo2MDAwMDAwMDAwMDAsImRlbGV0ZSI6MTIwMDAwMDAwMDAwMCwicmVhZCI6OTAwMDAwMDAwMDAwLCJ1cGRhdGUiOjYwMDAwMDAwMDAwMH0sInNjaGVtYV92ZXJzaW9uIjoiMSJ9",
          "dependencies": [
            "aws_security_group.private_ec2_sg",
            "module.network.aws_subnet.private_1a",
            "module.network.aws_vpc.main"
          ]
        }
      ]
    },
    {
      "mode": "managed",
      "type": "aws_instance",
      "name": "private_ec2_1b",
      "provider": "provider[\"registry.terraform.io/hashicorp/aws\"]",
      "instances": [
        {
          "schema_version": 1,
          "attributes": {
            "ami": "ami-0c7217cdde317cfec",
            "arn": "arn:aws:ec2:us-east-1:324037288403:instance/i-0ac3a28cbc76f4978",
            "associate_public_ip_address": false,
            "availability_zone": "us-east-1b",
            "capacity_reservation_specification": [
              {
                "capacity_reservation_preference": "open",
                "capacity_reservation_target": []
              }
            ],
            "cpu_core_count": 1,
            "cpu_options": [
              {
                "amd_sev_snp": "",
                "core_count": 1,
                "threads_per_core": 1
              }
            ],
            "cpu_threads_per_core": 1,
            "credit_specification": [
              {
                "cpu_credits": "standard"
              }
            ],
            "disable_api_stop": false,
            "disable_api_termination": false,
            "ebs_block_device": [],
            "ebs_optimized": false,
            "enclave_options": [
              {
                "enabled": false
              }
            ],
            "ephemeral_block_device": [],
            "get_password_data": false,
            "hibernation": false,
            "host_id": "",
            "host_resource_group_arn": null,
            "iam_instance_profile": "",
            "id": "i-0ac3a28cbc76f4978",
            "instance_initiated_shutdown_behavior": "stop",
            "instance_lifecycle": "",
            "instance_market_options": [],
            "instance_state": "running",
            "instance_type": "t2.micro",
            "ipv6_address_count": 0,
            "ipv6_addresses": [],
            "key_name": "terraform-key-pair",
            "launch_template": [],
            "maintenance_options": [
              {
                "auto_recovery": "default"
              }
            ],
            "metadata_options": [
              {
                "http_endpoint": "enabled",
                "http_protocol_ipv6": "disabled",
                "http_put_response_hop_limit": 1,
                "http_tokens": "optional",
                "instance_metadata_tags": "disabled"
              }
            ],
            "monitoring": false,
            "network_interface": [],
            "outpost_arn": "",
            "password_data": "",
            "placement_group": "",
            "placement_partition_number": 0,
            "primary_network_interface_id": "eni-02c096f4d282a1fcb",
            "private_dns": "ip-10-0-4-52.ec2.internal",
            "private_dns_name_options": [
              {
                "enable_resource_name_dns_a_record": false,
                "enable_resource_name_dns_aaaa_record": false,
                "hostname_type": "ip-name"
              }
            ],
            "private_ip": "10.0.4.52",
            "public_dns": "",
            "public_ip": "",
            "root_block_device": [
              {
                "delete_on_termination": true,
                "device_name": "/dev/sda1",
                "encrypted": false,
                "iops": 100,
                "kms_key_id": "",
                "tags": {},
                "tags_all": {},
                "throughput": 0,
                "volume_id": "vol-0d298feb353b5e269",
                "volume_size": 8,
                "volume_type": "gp2"
              }
            ],
            "secondary_private_ips": [],
            "security_groups": [],
            "source_dest_check": true,
            "spot_instance_request_id": "",
            "subnet_id": "subnet-04020810faccf5eba",
            "tags": {
              "Name": "private-ec2-instance-1b"
            },
            "tags_all": {
              "Name": "private-ec2-instance-1b"
            },
            "tenancy": "default",
            "timeouts": null,
            "user_data": "93155bdb6706c5a03dbfe62c74e1f26d5268cd1d",
            "user_data_base64": null,
            "user_data_replace_on_change": false,
            "volume_tags": null,
            "vpc_security_group_ids": [
              "sg-0d4e9021b1ed97d66"
            ]
          },
          "sensitive_attributes": [],
          "private": "eyJlMmJmYjczMC1lY2FhLTExZTYtOGY4OC0zNDM2M2JjN2M0YzAiOnsiY3JlYXRlIjo2MDAwMDAwMDAwMDAsImRlbGV0ZSI6MTIwMDAwMDAwMDAwMCwicmVhZCI6OTAwMDAwMDAwMDAwLCJ1cGRhdGUiOjYwMDAwMDAwMDAwMH0sInNjaGVtYV92ZXJzaW9uIjoiMSJ9",
          "dependencies": [
            "aws_security_group.private_ec2_sg",
            "module.network.aws_subnet.private_1b",
            "module.network.aws_vpc.main"
          ]
        }
      ]
    },
    {
      "mode": "managed",
      "type": "aws_key_pair",
      "name": "generated_key",
      "provider": "provider[\"registry.terraform.io/hashicorp/aws\"]",
      "instances": [
        {
          "schema_version": 1,
          "attributes": {
            "arn": "arn:aws:ec2:us-east-1:324037288403:key-pair/terraform-key-pair",
            "fingerprint": "a1:2f:c4:cd:e3:0b:af:72:04:44:a0:20:ef:07:53:f6",
            "id": "terraform-key-pair",
            "key_name": "terraform-key-pair",
            "key_name_prefix": "",
            "key_pair_id": "key-03acd00b4609fb852",
            "key_type": "rsa",
            "public_key": "ssh-rsa AAAAB3NzaC1yc2EAAAADAQABAAACAQDRp0wIreuYuz6venFvctXqILRWNjxStmtbXGnqcYA1Hc/jUCzQi92EuHP+1gD0cSftAcV+BjGYbRdQ8DLODkzavcQgGxw1RYhObaUYEcgFB2fC/yLGh1FepleNsNkl/uXA/SgxdeO/H2I7Z0HAP47nrw/a0B+HhXSKlBlD/ifwMC9Ch6+6jRQNdXZpCdZHdam1/WavCHDUJA0AQSZfDxypa/Yf+eVlDQ1WfpGzMkU/iwiSOWssrmtEp99BBJAJ61PkMnj0JkLnuBQj0PNa8Rw7FOqLk2Nxeyw0QuW3C465n3Lxi9yhm9SmFPAXhwKdRRulMdyzFrfuhivK91SZujfTBkeXfgWenDMn01CeG6DUEhYMpiNPNy+BxSJCfxDGX63/CwY7CLRweNf0Ih7P7yrM3GqMgXYCHda7j2eUa42Yg6FCYZpk2Vt13L9f/fTtCXw6lY5o2X6W86Kn37C61SpNIw1+MMp3n2p0163MoqX8Kh1gfNWDXlIbA3YSOCZPVxGs21q+/enhkAE3+Ab0Nbu0M5mEtIoY9Pr7LS+a1Jf/in/sOuW5HdNUucLcnw5PqeoCo2wL3A6CLOu6Lu7m0+WrWdmrtNMhGVARdACOgrZxfxRyISfT5qhqEIhyOaR4ElVgnj0x28NBddPTZttiTt0T10oAC5d3kYuSzd5GgyAIAw==",
            "tags": {},
            "tags_all": {}
          },
          "sensitive_attributes": [],
          "private": "eyJzY2hlbWFfdmVyc2lvbiI6IjEifQ==",
          "dependencies": [
            "tls_private_key.ssh_key"
          ]
        }
      ]
    },
    {
      "mode": "managed",
      "type": "aws_lb",
      "name": "main",
      "provider": "provider[\"registry.terraform.io/hashicorp/aws\"]",
      "instances": [
        {
          "schema_version": 0,
          "attributes": {
            "access_logs": [
              {
                "bucket": "",
                "enabled": false,
                "prefix": ""
              }
            ],
            "arn": "arn:aws:elasticloadbalancing:us-east-1:324037288403:loadbalancer/app/main-alb/cb7c1e8c0e64999e",
            "arn_suffix": "app/main-alb/cb7c1e8c0e64999e",
            "client_keep_alive": 3600,
            "connection_logs": [
              {
                "bucket": "",
                "enabled": false,
                "prefix": ""
              }
            ],
            "customer_owned_ipv4_pool": "",
            "desync_mitigation_mode": "defensive",
            "dns_name": "main-alb-1714049167.us-east-1.elb.amazonaws.com",
            "dns_record_client_routing_policy": null,
            "drop_invalid_header_fields": false,
            "enable_cross_zone_load_balancing": true,
            "enable_deletion_protection": false,
            "enable_http2": true,
            "enable_tls_version_and_cipher_suite_headers": false,
            "enable_waf_fail_open": false,
            "enable_xff_client_port": false,
            "enable_zonal_shift": false,
            "enforce_security_group_inbound_rules_on_private_link_traffic": "",
            "id": "arn:aws:elasticloadbalancing:us-east-1:324037288403:loadbalancer/app/main-alb/cb7c1e8c0e64999e",
            "idle_timeout": 60,
            "internal": false,
            "ip_address_type": "ipv4",
            "load_balancer_type": "application",
            "name": "main-alb",
            "name_prefix": "",
            "preserve_host_header": false,
            "security_groups": [
              "sg-0f4ccc0d5e99e08f2"
            ],
            "subnet_mapping": [
              {
                "allocation_id": "",
                "ipv6_address": "",
                "outpost_id": "",
                "private_ipv4_address": "",
                "subnet_id": "subnet-0ad045acaa1f9bea9"
              },
              {
                "allocation_id": "",
                "ipv6_address": "",
                "outpost_id": "",
                "private_ipv4_address": "",
                "subnet_id": "subnet-0c7248740baf7271c"
              }
            ],
            "subnets": [
              "subnet-0ad045acaa1f9bea9",
              "subnet-0c7248740baf7271c"
            ],
            "tags": {
              "Name": "main-alb"
            },
            "tags_all": {
              "Name": "main-alb"
            },
            "timeouts": null,
            "vpc_id": "vpc-0f29f32eb32f341ce",
            "xff_header_processing_mode": "append",
            "zone_id": "Z35SXDOTRQ7X7K"
          },
          "sensitive_attributes": [],
          "private": "eyJlMmJmYjczMC1lY2FhLTExZTYtOGY4OC0zNDM2M2JjN2M0YzAiOnsiY3JlYXRlIjo2MDAwMDAwMDAwMDAsImRlbGV0ZSI6NjAwMDAwMDAwMDAwLCJ1cGRhdGUiOjYwMDAwMDAwMDAwMH19",
          "dependencies": [
            "aws_security_group.lb_sg",
            "module.network.aws_subnet.main-1a",
            "module.network.aws_subnet.main_1b",
            "module.network.aws_vpc.main"
          ]
        }
      ]
    },
    {
      "mode": "managed",
      "type": "aws_lb_listener",
      "name": "front_end",
      "provider": "provider[\"registry.terraform.io/hashicorp/aws\"]",
      "instances": [
        {
          "schema_version": 0,
          "attributes": {
            "alpn_policy": null,
            "arn": "arn:aws:elasticloadbalancing:us-east-1:324037288403:listener/app/main-alb/cb7c1e8c0e64999e/a4385e2e8e8b3475",
            "certificate_arn": null,
            "default_action": [
              {
                "authenticate_cognito": [],
                "authenticate_oidc": [],
                "fixed_response": [],
                "forward": [],
                "order": 1,
                "redirect": [],
                "target_group_arn": "arn:aws:elasticloadbalancing:us-east-1:324037288403:targetgroup/main-tg/baa80b1c429efcf2",
                "type": "forward"
              }
            ],
            "id": "arn:aws:elasticloadbalancing:us-east-1:324037288403:listener/app/main-alb/cb7c1e8c0e64999e/a4385e2e8e8b3475",
            "load_balancer_arn": "arn:aws:elasticloadbalancing:us-east-1:324037288403:loadbalancer/app/main-alb/cb7c1e8c0e64999e",
            "mutual_authentication": [],
            "port": 80,
            "protocol": "HTTP",
            "ssl_policy": "",
            "tags": {},
            "tags_all": {},
            "tcp_idle_timeout_seconds": null,
            "timeouts": null
          },
          "sensitive_attributes": [],
          "private": "eyJlMmJmYjczMC1lY2FhLTExZTYtOGY4OC0zNDM2M2JjN2M0YzAiOnsiY3JlYXRlIjozMDAwMDAwMDAwMDAsInVwZGF0ZSI6MzAwMDAwMDAwMDAwfX0=",
          "dependencies": [
            "aws_lb.main",
            "aws_lb_target_group.main",
            "aws_security_group.lb_sg",
            "module.network.aws_subnet.main-1a",
            "module.network.aws_subnet.main_1b",
            "module.network.aws_vpc.main"
          ]
        }
      ]
    },
    {
      "mode": "managed",
      "type": "aws_lb_target_group",
      "name": "main",
      "provider": "provider[\"registry.terraform.io/hashicorp/aws\"]",
      "instances": [
        {
          "schema_version": 0,
          "attributes": {
            "arn": "arn:aws:elasticloadbalancing:us-east-1:324037288403:targetgroup/main-tg/baa80b1c429efcf2",
            "arn_suffix": "targetgroup/main-tg/baa80b1c429efcf2",
            "connection_termination": null,
            "deregistration_delay": "300",
            "health_check": [
              {
                "enabled": true,
                "healthy_threshold": 2,
                "interval": 30,
                "matcher": "200",
                "path": "/",
                "port": "traffic-port",
                "protocol": "HTTP",
                "timeout": 5,
                "unhealthy_threshold": 2
              }
            ],
            "id": "arn:aws:elasticloadbalancing:us-east-1:324037288403:targetgroup/main-tg/baa80b1c429efcf2",
            "ip_address_type": "ipv4",
            "lambda_multi_value_headers_enabled": false,
            "load_balancer_arns": [
              "arn:aws:elasticloadbalancing:us-east-1:324037288403:loadbalancer/app/main-alb/cb7c1e8c0e64999e"
            ],
            "load_balancing_algorithm_type": "round_robin",
            "load_balancing_anomaly_mitigation": "off",
            "load_balancing_cross_zone_enabled": "use_load_balancer_configuration",
            "name": "main-tg",
            "name_prefix": "",
            "port": 80,
            "preserve_client_ip": null,
            "protocol": "HTTP",
            "protocol_version": "HTTP1",
            "proxy_protocol_v2": false,
            "slow_start": 0,
            "stickiness": [
              {
                "cookie_duration": 86400,
                "cookie_name": "",
                "enabled": false,
                "type": "lb_cookie"
              }
            ],
            "tags": {
              "Name": "main-target-group"
            },
            "tags_all": {
              "Name": "main-target-group"
            },
            "target_failover": [
              {
                "on_deregistration": null,
                "on_unhealthy": null
              }
            ],
            "target_group_health": [
              {
                "dns_failover": [
                  {
                    "minimum_healthy_targets_count": "1",
                    "minimum_healthy_targets_percentage": "off"
                  }
                ],
                "unhealthy_state_routing": [
                  {
                    "minimum_healthy_targets_count": 1,
                    "minimum_healthy_targets_percentage": "off"
                  }
                ]
              }
            ],
            "target_health_state": [
              {
                "enable_unhealthy_connection_termination": null,
                "unhealthy_draining_interval": null
              }
            ],
            "target_type": "instance",
            "vpc_id": "vpc-0f29f32eb32f341ce"
          },
          "sensitive_attributes": [],
          "private": "bnVsbA==",
          "dependencies": [
            "module.network.aws_vpc.main"
          ]
        }
      ]
    },
    {
      "mode": "managed",
      "type": "aws_lb_target_group_attachment",
      "name": "ec2_1a",
      "provider": "provider[\"registry.terraform.io/hashicorp/aws\"]",
      "instances": [
        {
          "schema_version": 0,
          "attributes": {
            "availability_zone": null,
            "id": "arn:aws:elasticloadbalancing:us-east-1:324037288403:targetgroup/main-tg/baa80b1c429efcf2-20241214022637355700000009",
            "port": 80,
            "target_group_arn": "arn:aws:elasticloadbalancing:us-east-1:324037288403:targetgroup/main-tg/baa80b1c429efcf2",
            "target_id": "i-0dc63f6ceb71c9b7b"
          },
          "sensitive_attributes": [],
          "private": "bnVsbA==",
          "dependencies": [
            "aws_instance.ec2_1a",
            "aws_lb_target_group.main",
            "aws_security_group.ec2_sg",
            "aws_security_group.lb_sg",
            "module.network.aws_subnet.main-1a",
            "module.network.aws_vpc.main"
          ]
        }
      ]
    },
    {
      "mode": "managed",
      "type": "aws_lb_target_group_attachment",
      "name": "ec2_1b",
      "provider": "provider[\"registry.terraform.io/hashicorp/aws\"]",
      "instances": [
        {
          "schema_version": 0,
          "attributes": {
            "availability_zone": null,
            "id": "arn:aws:elasticloadbalancing:us-east-1:324037288403:targetgroup/main-tg/baa80b1c429efcf2-2024121402264098680000000a",
            "port": 80,
            "target_group_arn": "arn:aws:elasticloadbalancing:us-east-1:324037288403:targetgroup/main-tg/baa80b1c429efcf2",
            "target_id": "i-05a9d351fc93ecf29"
          },
          "sensitive_attributes": [],
          "private": "bnVsbA==",
          "dependencies": [
            "aws_instance.ec2_1b",
            "aws_lb_target_group.main",
            "aws_security_group.ec2_sg",
            "aws_security_group.lb_sg",
            "module.network.aws_subnet.main_1b",
            "module.network.aws_vpc.main"
          ]
        }
      ]
    },
    {
      "mode": "managed",
      "type": "aws_route_table",
      "name": "private",
      "provider": "provider[\"registry.terraform.io/hashicorp/aws\"]",
      "instances": [
        {
          "schema_version": 0,
          "attributes": {
            "arn": "arn:aws:ec2:us-east-1:324037288403:route-table/rtb-0c68e634dc33969b8",
            "id": "rtb-0c68e634dc33969b8",
            "owner_id": "324037288403",
            "propagating_vgws": [],
            "route": [
              {
                "carrier_gateway_id": "",
                "cidr_block": "0.0.0.0/0",
                "core_network_arn": "",
                "destination_prefix_list_id": "",
                "egress_only_gateway_id": "",
                "gateway_id": "",
                "ipv6_cidr_block": "",
                "local_gateway_id": "",
                "nat_gateway_id": "nat-011cf8b861759c7c7",
                "network_interface_id": "",
                "transit_gateway_id": "",
                "vpc_endpoint_id": "",
                "vpc_peering_connection_id": ""
              }
            ],
            "tags": {
              "Name": "private-route-table"
            },
            "tags_all": {
              "Name": "private-route-table"
            },
            "timeouts": null,
            "vpc_id": "vpc-0f29f32eb32f341ce"
          },
          "sensitive_attributes": [],
          "private": "eyJlMmJmYjczMC1lY2FhLTExZTYtOGY4OC0zNDM2M2JjN2M0YzAiOnsiY3JlYXRlIjozMDAwMDAwMDAwMDAsImRlbGV0ZSI6MzAwMDAwMDAwMDAwLCJ1cGRhdGUiOjEyMDAwMDAwMDAwMH19",
          "dependencies": [
            "module.network.aws_eip.nat",
            "module.network.aws_internet_gateway.main",
            "module.network.aws_nat_gateway.main",
            "module.network.aws_subnet.main-1a",
            "module.network.aws_vpc.main"
          ]
        }
      ]
    },
    {
      "mode": "managed",
      "type": "aws_route_table",
      "name": "public",
      "provider": "provider[\"registry.terraform.io/hashicorp/aws\"]",
      "instances": [
        {
          "schema_version": 0,
          "attributes": {
            "arn": "arn:aws:ec2:us-east-1:324037288403:route-table/rtb-0372c7d65e252ce24",
            "id": "rtb-0372c7d65e252ce24",
            "owner_id": "324037288403",
            "propagating_vgws": [],
            "route": [
              {
                "carrier_gateway_id": "",
                "cidr_block": "0.0.0.0/0",
                "core_network_arn": "",
                "destination_prefix_list_id": "",
                "egress_only_gateway_id": "",
                "gateway_id": "igw-05c8dfa642c2df39d",
                "ipv6_cidr_block": "",
                "local_gateway_id": "",
                "nat_gateway_id": "",
                "network_interface_id": "",
                "transit_gateway_id": "",
                "vpc_endpoint_id": "",
                "vpc_peering_connection_id": ""
              }
            ],
            "tags": {
              "Name": "public-route-table"
            },
            "tags_all": {
              "Name": "public-route-table"
            },
            "timeouts": null,
            "vpc_id": "vpc-0f29f32eb32f341ce"
          },
          "sensitive_attributes": [],
          "private": "eyJlMmJmYjczMC1lY2FhLTExZTYtOGY4OC0zNDM2M2JjN2M0YzAiOnsiY3JlYXRlIjozMDAwMDAwMDAwMDAsImRlbGV0ZSI6MzAwMDAwMDAwMDAwLCJ1cGRhdGUiOjEyMDAwMDAwMDAwMH19",
          "dependencies": [
            "module.network.aws_internet_gateway.main",
            "module.network.aws_vpc.main"
          ]
        }
      ]
    },
    {
      "mode": "managed",
      "type": "aws_route_table_association",
      "name": "private_1a",
      "provider": "provider[\"registry.terraform.io/hashicorp/aws\"]",
      "instances": [
        {
          "schema_version": 0,
          "attributes": {
            "gateway_id": "",
            "id": "rtbassoc-0e8c4af6bdf4c5d16",
            "route_table_id": "rtb-0c68e634dc33969b8",
            "subnet_id": "subnet-0508b674290ab86d4",
            "timeouts": null
          },
          "sensitive_attributes": [],
          "private": "eyJlMmJmYjczMC1lY2FhLTExZTYtOGY4OC0zNDM2M2JjN2M0YzAiOnsiY3JlYXRlIjozMDAwMDAwMDAwMDAsImRlbGV0ZSI6MzAwMDAwMDAwMDAwLCJ1cGRhdGUiOjEyMDAwMDAwMDAwMH19",
          "dependencies": [
            "aws_route_table.private",
            "module.network.aws_eip.nat",
            "module.network.aws_internet_gateway.main",
            "module.network.aws_nat_gateway.main",
            "module.network.aws_subnet.main-1a",
            "module.network.aws_subnet.private_1a",
            "module.network.aws_vpc.main"
          ]
        }
      ]
    },
    {
      "mode": "managed",
      "type": "aws_route_table_association",
      "name": "private_1b",
      "provider": "provider[\"registry.terraform.io/hashicorp/aws\"]",
      "instances": [
        {
          "schema_version": 0,
          "attributes": {
            "gateway_id": "",
            "id": "rtbassoc-0ff6b9e49da87b7d4",
            "route_table_id": "rtb-0c68e634dc33969b8",
            "subnet_id": "subnet-04020810faccf5eba",
            "timeouts": null
          },
          "sensitive_attributes": [],
          "private": "eyJlMmJmYjczMC1lY2FhLTExZTYtOGY4OC0zNDM2M2JjN2M0YzAiOnsiY3JlYXRlIjozMDAwMDAwMDAwMDAsImRlbGV0ZSI6MzAwMDAwMDAwMDAwLCJ1cGRhdGUiOjEyMDAwMDAwMDAwMH19",
          "dependencies": [
            "aws_route_table.private",
            "module.network.aws_eip.nat",
            "module.network.aws_internet_gateway.main",
            "module.network.aws_nat_gateway.main",
            "module.network.aws_subnet.main-1a",
            "module.network.aws_subnet.private_1b",
            "module.network.aws_vpc.main"
          ]
        }
      ]
    },
    {
      "mode": "managed",
      "type": "aws_route_table_association",
      "name": "public_1a",
      "provider": "provider[\"registry.terraform.io/hashicorp/aws\"]",
      "instances": [
        {
          "schema_version": 0,
          "attributes": {
            "gateway_id": "",
            "id": "rtbassoc-0fdf365444354a561",
            "route_table_id": "rtb-0372c7d65e252ce24",
            "subnet_id": "subnet-0c7248740baf7271c",
            "timeouts": null
          },
          "sensitive_attributes": [],
          "private": "eyJlMmJmYjczMC1lY2FhLTExZTYtOGY4OC0zNDM2M2JjN2M0YzAiOnsiY3JlYXRlIjozMDAwMDAwMDAwMDAsImRlbGV0ZSI6MzAwMDAwMDAwMDAwLCJ1cGRhdGUiOjEyMDAwMDAwMDAwMH19",
          "dependencies": [
            "aws_route_table.public",
            "module.network.aws_internet_gateway.main",
            "module.network.aws_subnet.main-1a",
            "module.network.aws_vpc.main"
          ]
        }
      ]
    },
    {
      "mode": "managed",
      "type": "aws_route_table_association",
      "name": "public_1b",
      "provider": "provider[\"registry.terraform.io/hashicorp/aws\"]",
      "instances": [
        {
          "schema_version": 0,
          "attributes": {
            "gateway_id": "",
            "id": "rtbassoc-057aed29a102a3720",
            "route_table_id": "rtb-0372c7d65e252ce24",
            "subnet_id": "subnet-0ad045acaa1f9bea9",
            "timeouts": null
          },
          "sensitive_attributes": [],
          "private": "eyJlMmJmYjczMC1lY2FhLTExZTYtOGY4OC0zNDM2M2JjN2M0YzAiOnsiY3JlYXRlIjozMDAwMDAwMDAwMDAsImRlbGV0ZSI6MzAwMDAwMDAwMDAwLCJ1cGRhdGUiOjEyMDAwMDAwMDAwMH19",
          "dependencies": [
            "aws_route_table.public",
            "module.network.aws_internet_gateway.main",
            "module.network.aws_subnet.main_1b",
            "module.network.aws_vpc.main"
          ]
        }
      ]
    },
    {
      "mode": "managed",
      "type": "aws_secretsmanager_secret",
      "name": "private_key",
      "provider": "provider[\"registry.terraform.io/hashicorp/aws\"]",
      "instances": [
        {
          "schema_version": 0,
          "attributes": {
            "arn": "arn:aws:secretsmanager:us-east-1:324037288403:secret:ec2-ssh-private-key-bg2RPD",
            "description": "",
            "force_overwrite_replica_secret": false,
            "id": "arn:aws:secretsmanager:us-east-1:324037288403:secret:ec2-ssh-private-key-bg2RPD",
            "kms_key_id": "",
            "name": "ec2-ssh-private-key",
            "name_prefix": "",
            "policy": "",
            "recovery_window_in_days": 0,
            "replica": [],
            "tags": {},
            "tags_all": {}
          },
          "sensitive_attributes": [],
          "private": "bnVsbA=="
        }
      ]
    },
    {
      "mode": "managed",
      "type": "aws_secretsmanager_secret_version",
      "name": "private_key_value",
      "provider": "provider[\"registry.terraform.io/hashicorp/aws\"]",
      "instances": [
        {
          "schema_version": 0,
          "attributes": {
            "arn": "arn:aws:secretsmanager:us-east-1:324037288403:secret:ec2-ssh-private-key-bg2RPD",
            "id": "arn:aws:secretsmanager:us-east-1:324037288403:secret:ec2-ssh-private-key-bg2RPD|terraform-20241214022553116700000002",
            "secret_binary": "",
            "secret_id": "arn:aws:secretsmanager:us-east-1:324037288403:secret:ec2-ssh-private-key-bg2RPD",
            "secret_string": "-----BEGIN RSA PRIVATE KEY-----\nMIIJKAIBAAKCAgEA0adMCK3rmLs+r3pxb3LV6iC0VjY8UrZrW1xp6nGANR3P41As\n0IvdhLhz/tYA9HEn7QHFfgYxmG0XUPAyzg5M2r3EIBscNUWITm2lGBHIBQdnwv8i\nxodRXqZXjbDZJf7lwP0oMXXjvx9iO2dBwD+O568P2tAfh4V0ipQZQ/4n8DAvQoev\nuo0UDXV2aQnWR3Wptf1mrwhw1CQNAEEmXw8cqWv2H/nlZQ0NVn6RszJFP4sIkjlr\nLK5rRKffQQSQCetT5DJ49CZC57gUI9DzWvEcOxTqi5NjcXssNELltwuOuZ9y8Yvc\noZvUphTwF4cCnUUbpTHcsxa37oYryvdUmbo30wZHl34FnpwzJ9NQnhug1BIWDKYj\nTzcvgcUiQn8Qxl+t/wsGOwi0cHjX9CIez+8qzNxqjIF2Ah3Wu49nlGuNmIOhQmGa\nZNlbddy/X/307Ql8OpWOaNl+lvOip9+wutUqTSMNfjDKd59qdNetzKKl/CodYHzV\ng15SGwN2EjgmT1cRrNtavv3p4ZABN/gG9DW7tDOZhLSKGPT6+y0vmtSX/4p/7Drl\nuR3TVLnC3J8OT6nqAqNsC9wOgizrui7u5tPlq1nZq7TTIRlQEXQAjoK2cX8UciEn\n0+aoahCIcjmkeBJVYJ49MdvDQXXT02bbYk7dE9dKAAuXd5GLks3eRoMgCAMCAwEA\nAQKCAgAOEouw/XOV8eOYRcC9eVjQeVeBfex4pNP58u8NFIdFiXW9zVDkwq6gzPzE\nOzsfLUU/zGGkPugvUgtBnI3cdOtFt30lpowzKzKmCQgO4Iqrg768QQHlj4mvr7yq\nvxckTMLBPHzpLP+XgZTHZfvs2pdOB9spldS39QZIkv5LKREnNyTE83ShMf0JljvX\nexiN/WDh3Vt6HjfslWrl/HmF4e7LlHqV1OFH8iNWDfLbs2EgjcWKgx4lhqOenSII\nLDU65TfhVl32DWdqRFnduZXMIekCMjo4GjGPmXPzIhZnPfhbj09Y1Ul+84XHjBo9\nigtr4QqlAP7OapT4BruDySw9kVlTypkFx9eq0ufHT2uyPYqcX/Pddfz4QDdEW0Lf\nlVrtcUostgSV/DBhhVxR4m8vzkRoeJy0Uudy+Iw4HJnJJ8cxGZ7rNRCX31ca/dss\nReCOOp5ZGEOZPKPZl5I4YUdwI0utd83Phg60jvs0+EobTwhfxX4dVMMDIlkDL1BP\na/bZULTba1mqm4F07IlQ4hCu5oXiG12n+GFKVb3BwiyiVNpbMh2gldiMRnT+QVbe\nWoTMXGUjvW++FGKAXd+i22SLYX7roP7Sc54ln52a7pvziFJ0ov3zjkCkHeYPQ8Gy\nkIArGcDxIOdeXr2lPx5LigZe09fyHe/pU7EfSzPBQ/fUv8WI4QKCAQEA/iuFlJkj\nlWQasIBHSrwHoCxeNvdafVXz/TuMwZNIkhO4WgHr1yKTiMjP2oxH2+FRtFxN2cyB\nVmXLCNS0c1QNgyg7Six/isPy4v1O31LA1fO2kvMc6dmY69FRroCUuI3Bi6lsFGD2\nLSFsHMF//7BDu9i5wUhBtiwxBGVD7Rl7PTjjXivB2ir/rdyWQN704WrEDaK6cuh5\naIJ5KjqFkjLQDM/HRIHePiJb96NGTpwsO/edyB67evXp00ki0nMLiC1z1lCd3xVN\nFnQBMMReEgtCJ+Tta2zdJ6hdifbodgW6L2fOIMBB8t0ZJ67TvPxUXadW3Qrlj0DI\nfw7oN35CkSuwEQKCAQEA0ym5SeKT5peFTBLgM15QkriKa4nebS1DYHmpVNNmKc5N\nbk7bZgpX+iLbBr0srsWRcamDSifo8skRETNGTUkldl/0pQeIx98hYn/kP5T0yhvE\nDBw6SgQvlpTCLE9u/MogMYiKO7UueoEjEEpsk9j7xSj18XqGEsC9dUoG5qXdfwm4\nxmNPApIa+R29grCGY1fTnkRYMSWgTaxFubmi75oU/BkWYtudAx3QLU+7enQupl3u\nOLw0JbQMbWvYa/C5twODlGK8VhW/MO/RZkZ7Q1XfllnpJIWxox1PwGqlKZfl3vfh\nLcpDLjVclAFYVY1MjDJOlp1sGSXq0dRWzXrrAKlK0wKCAQEAwwm+nYLN7Ws9l8c3\n7b9P0rd5LJCu3ZLBgcbaggh1HbMIOflTcmjT8Zi29yvCUJYcTlyuWL03WocOQB6I\nwh7zp3uN06NF08P9c/WROomT9BnqNeVcgI47bGnZViDQ/rW4mWVOzGyDO6pz/bT2\ndcxajaEHGaxK0HIkwwy6DQ0KprYqsy68uJ9aR54HpovwObHl89i1XkvKLkpAlAkI\nSmG3iL1AWe+WDPPswqCF6PiqcPHYH6KFlxtxbHKox/kEFmFajFCcdH0yBFLMPxHQ\nZeRBxb9D+LU3F6F49c+EHlzSvGHZqQQfFzBWhz7+t/yg+KTaYRBli4HY2Lcltr+q\ncR+nIQKCAQAuLNKKuJQ0+W85mmsScI5X9yi1qVlNMHeqUhBYLz4I6EcAVxgc8SgZ\n16NjjtyFf0h1vWarQZzr8lHcHAVEgzlA8Gyz5bjgVAed3W+RA8afp4CwUT/hzZaG\nbBMl01zmxGBT1JK9ybnXKgP73PpvPiSYEYPugSduVF1Zl414xE5yKDMSlsbBPifN\nz9YQDP/mG194HWPXo22xbnl0yoY5tMzf77B4f6OO+eb68ZOCjINi9+lO2MDiecO5\n7bpOqD5EKe2M9iZPAMRlNBvrLIBp0g5pd1HHHcEhdRhqcCebt86ZekTwWWllYl/T\nMZQaaSKTCbEruFLaEPOPXMp6dmWLKHnnAoIBACC6GWv6VKv7R9HoSnnAdIBYwjHr\nScReLuKzhfzkIotO142lMaZncAz2i84A7tza5iRevINvP7UgGgnVIOyX4aEWCJ1T\niX5PDS5cxEZj7A/pY5H6gbjMXqwaN0xm9BnxSdVlMZi9xf2ws1CVAUarPgWsNfS+\nETifiTWjQezkLtfellVea6YGQyUz72kSk+k6nJuO6oG0b50haH/VpqJPCxR0gkqq\nPLR3EM92WvrNcj/rPCeSRx2Dm8ZOhhxPON4rl5VmwKS0zyWywdKazVC/99suBCzb\n01LolfI9a5mMHBMJYWzjuJzNzkNUmnLyQmtWOzI0B7cA8ANMAFfFzWUYSIY=\n-----END RSA PRIVATE KEY-----\n",
            "version_id": "terraform-20241214022553116700000002",
            "version_stages": [
              "AWSCURRENT"
            ]
          },
          "sensitive_attributes": [
            [
              {
                "type": "get_attr",
                "value": "secret_binary"
              }
            ],
            [
              {
                "type": "get_attr",
                "value": "secret_string"
              }
            ]
          ],
          "private": "bnVsbA==",
          "dependencies": [
            "aws_secretsmanager_secret.private_key",
            "tls_private_key.ssh_key"
          ]
        }
      ]
    },
    {
      "mode": "managed",
      "type": "aws_security_group",
      "name": "ec2_sg",
      "provider": "provider[\"registry.terraform.io/hashicorp/aws\"]",
      "instances": [
        {
          "schema_version": 1,
          "attributes": {
            "arn": "arn:aws:ec2:us-east-1:324037288403:security-group/sg-0e8f92835f098d1fd",
            "description": "Security group for EC2 instances",
            "egress": [
              {
                "cidr_blocks": [
                  "0.0.0.0/0"
                ],
                "description": "",
                "from_port": 0,
                "ipv6_cidr_blocks": [],
                "prefix_list_ids": [],
                "protocol": "-1",
                "security_groups": [],
                "self": false,
                "to_port": 0
              }
            ],
            "id": "sg-0e8f92835f098d1fd",
            "ingress": [
              {
                "cidr_blocks": [
                  "0.0.0.0/0"
                ],
                "description": "",
                "from_port": 443,
                "ipv6_cidr_blocks": [],
                "prefix_list_ids": [],
                "protocol": "tcp",
                "security_groups": [
                  "sg-0f4ccc0d5e99e08f2"
                ],
                "self": false,
                "to_port": 443
              },
              {
                "cidr_blocks": [
                  "0.0.0.0/0"
                ],
                "description": null,
                "from_port": 22,
                "ipv6_cidr_blocks": [],
                "prefix_list_ids": [],
                "protocol": "tcp",
                "security_groups": [],
                "self": false,
                "to_port": 22
              },
              {
                "cidr_blocks": [
                  "0.0.0.0/0"
                ],
                "description": null,
                "from_port": 80,
                "ipv6_cidr_blocks": [],
                "prefix_list_ids": [],
                "protocol": "tcp",
                "security_groups": [
                  "sg-0f4ccc0d5e99e08f2"
                ],
                "self": false,
                "to_port": 80
              }
            ],
            "name": "ec2-security-group",
            "name_prefix": "",
            "owner_id": "324037288403",
            "revoke_rules_on_delete": false,
            "tags": {
              "Name": "ec2-security-group"
            },
            "tags_all": {
              "Name": "ec2-security-group"
            },
            "timeouts": null,
            "vpc_id": "vpc-0f29f32eb32f341ce"
          },
          "sensitive_attributes": [],
          "private": "eyJlMmJmYjczMC1lY2FhLTExZTYtOGY4OC0zNDM2M2JjN2M0YzAiOnsiY3JlYXRlIjo2MDAwMDAwMDAwMDAsImRlbGV0ZSI6OTAwMDAwMDAwMDAwfSwic2NoZW1hX3ZlcnNpb24iOiIxIn0=",
          "dependencies": [
            "aws_security_group.lb_sg",
            "module.network.aws_vpc.main"
          ]
        }
      ]
    },
    {
      "mode": "managed",
      "type": "aws_security_group",
      "name": "lb_sg",
      "provider": "provider[\"registry.terraform.io/hashicorp/aws\"]",
      "instances": [
        {
          "schema_version": 1,
          "attributes": {
            "arn": "arn:aws:ec2:us-east-1:324037288403:security-group/sg-0f4ccc0d5e99e08f2",
            "description": "Security group for load balancer",
            "egress": [
              {
                "cidr_blocks": [
                  "0.0.0.0/0"
                ],
                "description": "",
                "from_port": 0,
                "ipv6_cidr_blocks": [],
                "prefix_list_ids": [],
                "protocol": "-1",
                "security_groups": [],
                "self": false,
                "to_port": 0
              }
            ],
            "id": "sg-0f4ccc0d5e99e08f2",
            "ingress": [
              {
                "cidr_blocks": [
                  "0.0.0.0/0"
                ],
                "description": "",
                "from_port": 80,
                "ipv6_cidr_blocks": [],
                "prefix_list_ids": [],
                "protocol": "tcp",
                "security_groups": [],
                "self": false,
                "to_port": 80
              }
            ],
            "name": "lb-security-group",
            "name_prefix": "",
            "owner_id": "324037288403",
            "revoke_rules_on_delete": false,
            "tags": {
              "Name": "load-balancer-sg"
            },
            "tags_all": {
              "Name": "load-balancer-sg"
            },
            "timeouts": null,
            "vpc_id": "vpc-0f29f32eb32f341ce"
          },
          "sensitive_attributes": [],
          "private": "eyJlMmJmYjczMC1lY2FhLTExZTYtOGY4OC0zNDM2M2JjN2M0YzAiOnsiY3JlYXRlIjo2MDAwMDAwMDAwMDAsImRlbGV0ZSI6OTAwMDAwMDAwMDAwfSwic2NoZW1hX3ZlcnNpb24iOiIxIn0=",
          "dependencies": [
            "module.network.aws_vpc.main"
          ]
        }
      ]
    },
    {
      "mode": "managed",
      "type": "aws_security_group",
      "name": "private_ec2_sg",
      "provider": "provider[\"registry.terraform.io/hashicorp/aws\"]",
      "instances": [
        {
          "schema_version": 1,
          "attributes": {
            "arn": "arn:aws:ec2:us-east-1:324037288403:security-group/sg-0d4e9021b1ed97d66",
            "description": "Security group for Private EC2 instances",
            "egress": [
              {
                "cidr_blocks": [
                  "0.0.0.0/0"
                ],
                "description": "",
                "from_port": 0,
                "ipv6_cidr_blocks": [],
                "prefix_list_ids": [],
                "protocol": "-1",
                "security_groups": [],
                "self": false,
                "to_port": 0
              }
            ],
            "id": "sg-0d4e9021b1ed97d66",
            "ingress": [
              {
                "cidr_blocks": [
                  "10.0.3.0/24"
                ],
                "description": "Allow SSH from public subnet 1a",
                "from_port": 22,
                "ipv6_cidr_blocks": [],
                "prefix_list_ids": [],
                "protocol": "tcp",
                "security_groups": [],
                "self": false,
                "to_port": 22
              },
              {
                "cidr_blocks": [
                  "10.0.4.0/24"
                ],
                "description": "Allow SSH from public subnet 1b",
                "from_port": 22,
                "ipv6_cidr_blocks": [],
                "prefix_list_ids": [],
                "protocol": "tcp",
                "security_groups": [],
                "self": false,
                "to_port": 22
              }
            ],
            "name": "private-ec2-security-group",
            "name_prefix": "",
            "owner_id": "324037288403",
            "revoke_rules_on_delete": false,
            "tags": {
              "Name": "private-ec2-security-group"
            },
            "tags_all": {
              "Name": "private-ec2-security-group"
            },
            "timeouts": null,
            "vpc_id": "vpc-0f29f32eb32f341ce"
          },
          "sensitive_attributes": [],
          "private": "eyJlMmJmYjczMC1lY2FhLTExZTYtOGY4OC0zNDM2M2JjN2M0YzAiOnsiY3JlYXRlIjo2MDAwMDAwMDAwMDAsImRlbGV0ZSI6OTAwMDAwMDAwMDAwfSwic2NoZW1hX3ZlcnNpb24iOiIxIn0=",
          "dependencies": [
            "module.network.aws_vpc.main"
          ]
        }
      ]
    },
    {
      "mode": "managed",
      "type": "tls_private_key",
      "name": "ssh_key",
      "provider": "provider[\"registry.terraform.io/hashicorp/tls\"]",
      "instances": [
        {
          "schema_version": 1,
          "attributes": {
            "algorithm": "RSA",
            "ecdsa_curve": "P224",
            "id": "0a64ec8ee12254ec1dc379a967ebb9bd46691796",
            "private_key_openssh": "-----BEGIN OPENSSH PRIVATE KEY-----\nb3BlbnNzaC1rZXktdjEAAAAABG5vbmUAAAAEbm9uZQAAAAAAAAABAAACFwAAAAdz\nc2gtcnNhAAAAAwEAAQAAAgEA0adMCK3rmLs+r3pxb3LV6iC0VjY8UrZrW1xp6nGA\nNR3P41As0IvdhLhz/tYA9HEn7QHFfgYxmG0XUPAyzg5M2r3EIBscNUWITm2lGBHI\nBQdnwv8ixodRXqZXjbDZJf7lwP0oMXXjvx9iO2dBwD+O568P2tAfh4V0ipQZQ/4n\n8DAvQoevuo0UDXV2aQnWR3Wptf1mrwhw1CQNAEEmXw8cqWv2H/nlZQ0NVn6RszJF\nP4sIkjlrLK5rRKffQQSQCetT5DJ49CZC57gUI9DzWvEcOxTqi5NjcXssNELltwuO\nuZ9y8YvcoZvUphTwF4cCnUUbpTHcsxa37oYryvdUmbo30wZHl34FnpwzJ9NQnhug\n1BIWDKYjTzcvgcUiQn8Qxl+t/wsGOwi0cHjX9CIez+8qzNxqjIF2Ah3Wu49nlGuN\nmIOhQmGaZNlbddy/X/307Ql8OpWOaNl+lvOip9+wutUqTSMNfjDKd59qdNetzKKl\n/CodYHzVg15SGwN2EjgmT1cRrNtavv3p4ZABN/gG9DW7tDOZhLSKGPT6+y0vmtSX\n/4p/7DrluR3TVLnC3J8OT6nqAqNsC9wOgizrui7u5tPlq1nZq7TTIRlQEXQAjoK2\ncX8UciEn0+aoahCIcjmkeBJVYJ49MdvDQXXT02bbYk7dE9dKAAuXd5GLks3eRoMg\nCAMAAAc49xwBH/ccAR8AAAAHc3NoLXJzYQAAAgEA0adMCK3rmLs+r3pxb3LV6iC0\nVjY8UrZrW1xp6nGANR3P41As0IvdhLhz/tYA9HEn7QHFfgYxmG0XUPAyzg5M2r3E\nIBscNUWITm2lGBHIBQdnwv8ixodRXqZXjbDZJf7lwP0oMXXjvx9iO2dBwD+O568P\n2tAfh4V0ipQZQ/4n8DAvQoevuo0UDXV2aQnWR3Wptf1mrwhw1CQNAEEmXw8cqWv2\nH/nlZQ0NVn6RszJFP4sIkjlrLK5rRKffQQSQCetT5DJ49CZC57gUI9DzWvEcOxTq\ni5NjcXssNELltwuOuZ9y8YvcoZvUphTwF4cCnUUbpTHcsxa37oYryvdUmbo30wZH\nl34FnpwzJ9NQnhug1BIWDKYjTzcvgcUiQn8Qxl+t/wsGOwi0cHjX9CIez+8qzNxq\njIF2Ah3Wu49nlGuNmIOhQmGaZNlbddy/X/307Ql8OpWOaNl+lvOip9+wutUqTSMN\nfjDKd59qdNetzKKl/CodYHzVg15SGwN2EjgmT1cRrNtavv3p4ZABN/gG9DW7tDOZ\nhLSKGPT6+y0vmtSX/4p/7DrluR3TVLnC3J8OT6nqAqNsC9wOgizrui7u5tPlq1nZ\nq7TTIRlQEXQAjoK2cX8UciEn0+aoahCIcjmkeBJVYJ49MdvDQXXT02bbYk7dE9dK\nAAuXd5GLks3eRoMgCAMAAAADAQABAAACAA4Si7D9c5Xx45hFwL15WNB5V4F97Hik\n0/ny7w0Uh0WJdb3NUOTCrqDM/MQ7Ox8tRT/MYaQ+6C9SC0Gcjdx060W3fSWmjDMr\nMqYJCA7giquDvrxBAeWPia+vvKq/FyRMwsE8fOks/5eBlMdl++zal04H2ymV1Lf1\nBkiS/kspESc3JMTzdKEx/QmWO9d7GI39YOHdW3oeN+yVauX8eYXh7suUepXU4Ufy\nI1YN8tuzYSCNxYqDHiWGo56dIggsNTrlN+FWXfYNZ2pEWd25lcwh6QIyOjgaMY+Z\nc/MiFmc9+FuPT1jVSX7zhceMGj2KC2vhCqUA/s5qlPgGu4PJLD2RWVPKmQXH16rS\n58dPa7I9ipxf8911/PhAN0RbQt+VWu1xSiy2BJX8MGGFXFHiby/ORGh4nLRS53L4\njDgcmcknxzEZnus1EJffVxr92yxF4I46nlkYQ5k8o9mXkjhhR3AjS613zc+GDrSO\n+zT4ShtPCF/Ffh1UwwMiWQMvUE9r9tlQtNtrWaqbgXTsiVDiEK7mheIbXaf4YUpV\nvcHCLKJU2lsyHaCV2IxGdP5BVt5ahMxcZSO9b74UYoBd36LbZIthfuug/tJzniWf\nnZrum/OIUnSi/fOOQKQd5g9DwbKQgCsZwPEg515evaU/HkuKBl7T1/Id7+lTsR9L\nM8FD99S/xYjhAAABACC6GWv6VKv7R9HoSnnAdIBYwjHrScReLuKzhfzkIotO142l\nMaZncAz2i84A7tza5iRevINvP7UgGgnVIOyX4aEWCJ1TiX5PDS5cxEZj7A/pY5H6\ngbjMXqwaN0xm9BnxSdVlMZi9xf2ws1CVAUarPgWsNfS+ETifiTWjQezkLtfellVe\na6YGQyUz72kSk+k6nJuO6oG0b50haH/VpqJPCxR0gkqqPLR3EM92WvrNcj/rPCeS\nRx2Dm8ZOhhxPON4rl5VmwKS0zyWywdKazVC/99suBCzb01LolfI9a5mMHBMJYWzj\nuJzNzkNUmnLyQmtWOzI0B7cA8ANMAFfFzWUYSIYAAAEBAP4rhZSZI5VkGrCAR0q8\nB6AsXjb3Wn1V8/07jMGTSJITuFoB69cik4jIz9qMR9vhUbRcTdnMgVZlywjUtHNU\nDYMoO0osf4rD8uL9Tt9SwNXztpLzHOnZmOvRUa6AlLiNwYupbBRg9i0hbBzBf/+w\nQ7vYucFIQbYsMQRlQ+0Zez04414rwdoq/63clkDe9OFqxA2iunLoeWiCeSo6hZIy\n0AzPx0SB3j4iW/ejRk6cLDv3ncgeu3r16dNJItJzC4gtc9ZQnd8VTRZ0ATDEXhIL\nQifk7Wts3SeoXYn26HYFui9nziDAQfLdGSeu07z8VF2nVt0K5Y9AyH8O6Dd+QpEr\nsBEAAAEBANMpuUnik+aXhUwS4DNeUJK4imuJ3m0tQ2B5qVTTZinOTW5O22YKV/oi\n2wa9LK7FkXGpg0on6PLJEREzRk1JJXZf9KUHiMffIWJ/5D+U9MobxAwcOkoEL5aU\nwixPbvzKIDGIiju1LnqBIxBKbJPY+8Uo9fF6hhLAvXVKBual3X8JuMZjTwKSGvkd\nvYKwhmNX055EWDEloE2sRbm5ou+aFPwZFmLbnQMd0C1Pu3p0LqZd7ji8NCW0DG1r\n2GvwubcDg5RivFYVvzDv0WZGe0NV35ZZ6SSFsaMdT8BqpSmX5d734S3KQy41XJQB\nWFWNTIwyTpadbBkl6tHUVs166wCpStMAAAAAAQID\n-----END OPENSSH PRIVATE KEY-----\n",
            "private_key_pem": "-----BEGIN RSA PRIVATE KEY-----\nMIIJKAIBAAKCAgEA0adMCK3rmLs+r3pxb3LV6iC0VjY8UrZrW1xp6nGANR3P41As\n0IvdhLhz/tYA9HEn7QHFfgYxmG0XUPAyzg5M2r3EIBscNUWITm2lGBHIBQdnwv8i\nxodRXqZXjbDZJf7lwP0oMXXjvx9iO2dBwD+O568P2tAfh4V0ipQZQ/4n8DAvQoev\nuo0UDXV2aQnWR3Wptf1mrwhw1CQNAEEmXw8cqWv2H/nlZQ0NVn6RszJFP4sIkjlr\nLK5rRKffQQSQCetT5DJ49CZC57gUI9DzWvEcOxTqi5NjcXssNELltwuOuZ9y8Yvc\noZvUphTwF4cCnUUbpTHcsxa37oYryvdUmbo30wZHl34FnpwzJ9NQnhug1BIWDKYj\nTzcvgcUiQn8Qxl+t/wsGOwi0cHjX9CIez+8qzNxqjIF2Ah3Wu49nlGuNmIOhQmGa\nZNlbddy/X/307Ql8OpWOaNl+lvOip9+wutUqTSMNfjDKd59qdNetzKKl/CodYHzV\ng15SGwN2EjgmT1cRrNtavv3p4ZABN/gG9DW7tDOZhLSKGPT6+y0vmtSX/4p/7Drl\nuR3TVLnC3J8OT6nqAqNsC9wOgizrui7u5tPlq1nZq7TTIRlQEXQAjoK2cX8UciEn\n0+aoahCIcjmkeBJVYJ49MdvDQXXT02bbYk7dE9dKAAuXd5GLks3eRoMgCAMCAwEA\nAQKCAgAOEouw/XOV8eOYRcC9eVjQeVeBfex4pNP58u8NFIdFiXW9zVDkwq6gzPzE\nOzsfLUU/zGGkPugvUgtBnI3cdOtFt30lpowzKzKmCQgO4Iqrg768QQHlj4mvr7yq\nvxckTMLBPHzpLP+XgZTHZfvs2pdOB9spldS39QZIkv5LKREnNyTE83ShMf0JljvX\nexiN/WDh3Vt6HjfslWrl/HmF4e7LlHqV1OFH8iNWDfLbs2EgjcWKgx4lhqOenSII\nLDU65TfhVl32DWdqRFnduZXMIekCMjo4GjGPmXPzIhZnPfhbj09Y1Ul+84XHjBo9\nigtr4QqlAP7OapT4BruDySw9kVlTypkFx9eq0ufHT2uyPYqcX/Pddfz4QDdEW0Lf\nlVrtcUostgSV/DBhhVxR4m8vzkRoeJy0Uudy+Iw4HJnJJ8cxGZ7rNRCX31ca/dss\nReCOOp5ZGEOZPKPZl5I4YUdwI0utd83Phg60jvs0+EobTwhfxX4dVMMDIlkDL1BP\na/bZULTba1mqm4F07IlQ4hCu5oXiG12n+GFKVb3BwiyiVNpbMh2gldiMRnT+QVbe\nWoTMXGUjvW++FGKAXd+i22SLYX7roP7Sc54ln52a7pvziFJ0ov3zjkCkHeYPQ8Gy\nkIArGcDxIOdeXr2lPx5LigZe09fyHe/pU7EfSzPBQ/fUv8WI4QKCAQEA/iuFlJkj\nlWQasIBHSrwHoCxeNvdafVXz/TuMwZNIkhO4WgHr1yKTiMjP2oxH2+FRtFxN2cyB\nVmXLCNS0c1QNgyg7Six/isPy4v1O31LA1fO2kvMc6dmY69FRroCUuI3Bi6lsFGD2\nLSFsHMF//7BDu9i5wUhBtiwxBGVD7Rl7PTjjXivB2ir/rdyWQN704WrEDaK6cuh5\naIJ5KjqFkjLQDM/HRIHePiJb96NGTpwsO/edyB67evXp00ki0nMLiC1z1lCd3xVN\nFnQBMMReEgtCJ+Tta2zdJ6hdifbodgW6L2fOIMBB8t0ZJ67TvPxUXadW3Qrlj0DI\nfw7oN35CkSuwEQKCAQEA0ym5SeKT5peFTBLgM15QkriKa4nebS1DYHmpVNNmKc5N\nbk7bZgpX+iLbBr0srsWRcamDSifo8skRETNGTUkldl/0pQeIx98hYn/kP5T0yhvE\nDBw6SgQvlpTCLE9u/MogMYiKO7UueoEjEEpsk9j7xSj18XqGEsC9dUoG5qXdfwm4\nxmNPApIa+R29grCGY1fTnkRYMSWgTaxFubmi75oU/BkWYtudAx3QLU+7enQupl3u\nOLw0JbQMbWvYa/C5twODlGK8VhW/MO/RZkZ7Q1XfllnpJIWxox1PwGqlKZfl3vfh\nLcpDLjVclAFYVY1MjDJOlp1sGSXq0dRWzXrrAKlK0wKCAQEAwwm+nYLN7Ws9l8c3\n7b9P0rd5LJCu3ZLBgcbaggh1HbMIOflTcmjT8Zi29yvCUJYcTlyuWL03WocOQB6I\nwh7zp3uN06NF08P9c/WROomT9BnqNeVcgI47bGnZViDQ/rW4mWVOzGyDO6pz/bT2\ndcxajaEHGaxK0HIkwwy6DQ0KprYqsy68uJ9aR54HpovwObHl89i1XkvKLkpAlAkI\nSmG3iL1AWe+WDPPswqCF6PiqcPHYH6KFlxtxbHKox/kEFmFajFCcdH0yBFLMPxHQ\nZeRBxb9D+LU3F6F49c+EHlzSvGHZqQQfFzBWhz7+t/yg+KTaYRBli4HY2Lcltr+q\ncR+nIQKCAQAuLNKKuJQ0+W85mmsScI5X9yi1qVlNMHeqUhBYLz4I6EcAVxgc8SgZ\n16NjjtyFf0h1vWarQZzr8lHcHAVEgzlA8Gyz5bjgVAed3W+RA8afp4CwUT/hzZaG\nbBMl01zmxGBT1JK9ybnXKgP73PpvPiSYEYPugSduVF1Zl414xE5yKDMSlsbBPifN\nz9YQDP/mG194HWPXo22xbnl0yoY5tMzf77B4f6OO+eb68ZOCjINi9+lO2MDiecO5\n7bpOqD5EKe2M9iZPAMRlNBvrLIBp0g5pd1HHHcEhdRhqcCebt86ZekTwWWllYl/T\nMZQaaSKTCbEruFLaEPOPXMp6dmWLKHnnAoIBACC6GWv6VKv7R9HoSnnAdIBYwjHr\nScReLuKzhfzkIotO142lMaZncAz2i84A7tza5iRevINvP7UgGgnVIOyX4aEWCJ1T\niX5PDS5cxEZj7A/pY5H6gbjMXqwaN0xm9BnxSdVlMZi9xf2ws1CVAUarPgWsNfS+\nETifiTWjQezkLtfellVea6YGQyUz72kSk+k6nJuO6oG0b50haH/VpqJPCxR0gkqq\nPLR3EM92WvrNcj/rPCeSRx2Dm8ZOhhxPON4rl5VmwKS0zyWywdKazVC/99suBCzb\n01LolfI9a5mMHBMJYWzjuJzNzkNUmnLyQmtWOzI0B7cA8ANMAFfFzWUYSIY=\n-----END RSA PRIVATE KEY-----\n",
            "private_key_pem_pkcs8": "-----BEGIN PRIVATE KEY-----\nMIIJQgIBADANBgkqhkiG9w0BAQEFAASCCSwwggkoAgEAAoICAQDRp0wIreuYuz6v\nenFvctXqILRWNjxStmtbXGnqcYA1Hc/jUCzQi92EuHP+1gD0cSftAcV+BjGYbRdQ\n8DLODkzavcQgGxw1RYhObaUYEcgFB2fC/yLGh1FepleNsNkl/uXA/SgxdeO/H2I7\nZ0HAP47nrw/a0B+HhXSKlBlD/ifwMC9Ch6+6jRQNdXZpCdZHdam1/WavCHDUJA0A\nQSZfDxypa/Yf+eVlDQ1WfpGzMkU/iwiSOWssrmtEp99BBJAJ61PkMnj0JkLnuBQj\n0PNa8Rw7FOqLk2Nxeyw0QuW3C465n3Lxi9yhm9SmFPAXhwKdRRulMdyzFrfuhivK\n91SZujfTBkeXfgWenDMn01CeG6DUEhYMpiNPNy+BxSJCfxDGX63/CwY7CLRweNf0\nIh7P7yrM3GqMgXYCHda7j2eUa42Yg6FCYZpk2Vt13L9f/fTtCXw6lY5o2X6W86Kn\n37C61SpNIw1+MMp3n2p0163MoqX8Kh1gfNWDXlIbA3YSOCZPVxGs21q+/enhkAE3\n+Ab0Nbu0M5mEtIoY9Pr7LS+a1Jf/in/sOuW5HdNUucLcnw5PqeoCo2wL3A6CLOu6\nLu7m0+WrWdmrtNMhGVARdACOgrZxfxRyISfT5qhqEIhyOaR4ElVgnj0x28NBddPT\nZttiTt0T10oAC5d3kYuSzd5GgyAIAwIDAQABAoICAA4Si7D9c5Xx45hFwL15WNB5\nV4F97Hik0/ny7w0Uh0WJdb3NUOTCrqDM/MQ7Ox8tRT/MYaQ+6C9SC0Gcjdx060W3\nfSWmjDMrMqYJCA7giquDvrxBAeWPia+vvKq/FyRMwsE8fOks/5eBlMdl++zal04H\n2ymV1Lf1BkiS/kspESc3JMTzdKEx/QmWO9d7GI39YOHdW3oeN+yVauX8eYXh7suU\nepXU4UfyI1YN8tuzYSCNxYqDHiWGo56dIggsNTrlN+FWXfYNZ2pEWd25lcwh6QIy\nOjgaMY+Zc/MiFmc9+FuPT1jVSX7zhceMGj2KC2vhCqUA/s5qlPgGu4PJLD2RWVPK\nmQXH16rS58dPa7I9ipxf8911/PhAN0RbQt+VWu1xSiy2BJX8MGGFXFHiby/ORGh4\nnLRS53L4jDgcmcknxzEZnus1EJffVxr92yxF4I46nlkYQ5k8o9mXkjhhR3AjS613\nzc+GDrSO+zT4ShtPCF/Ffh1UwwMiWQMvUE9r9tlQtNtrWaqbgXTsiVDiEK7mheIb\nXaf4YUpVvcHCLKJU2lsyHaCV2IxGdP5BVt5ahMxcZSO9b74UYoBd36LbZIthfuug\n/tJzniWfnZrum/OIUnSi/fOOQKQd5g9DwbKQgCsZwPEg515evaU/HkuKBl7T1/Id\n7+lTsR9LM8FD99S/xYjhAoIBAQD+K4WUmSOVZBqwgEdKvAegLF4291p9VfP9O4zB\nk0iSE7haAevXIpOIyM/ajEfb4VG0XE3ZzIFWZcsI1LRzVA2DKDtKLH+Kw/Li/U7f\nUsDV87aS8xzp2Zjr0VGugJS4jcGLqWwUYPYtIWwcwX//sEO72LnBSEG2LDEEZUPt\nGXs9OONeK8HaKv+t3JZA3vThasQNorpy6HlognkqOoWSMtAMz8dEgd4+Ilv3o0ZO\nnCw7953IHrt69enTSSLScwuILXPWUJ3fFU0WdAEwxF4SC0In5O1rbN0nqF2J9uh2\nBbovZ84gwEHy3RknrtO8/FRdp1bdCuWPQMh/Dug3fkKRK7ARAoIBAQDTKblJ4pPm\nl4VMEuAzXlCSuIprid5tLUNgealU02Ypzk1uTttmClf6ItsGvSyuxZFxqYNKJ+jy\nyRERM0ZNSSV2X/SlB4jH3yFif+Q/lPTKG8QMHDpKBC+WlMIsT278yiAxiIo7tS56\ngSMQSmyT2PvFKPXxeoYSwL11Sgbmpd1/CbjGY08Ckhr5Hb2CsIZjV9OeRFgxJaBN\nrEW5uaLvmhT8GRZi250DHdAtT7t6dC6mXe44vDQltAxta9hr8Lm3A4OUYrxWFb8w\n79FmRntDVd+WWekkhbGjHU/AaqUpl+Xe9+EtykMuNVyUAVhVjUyMMk6WnWwZJerR\n1FbNeusAqUrTAoIBAQDDCb6dgs3taz2Xxzftv0/St3kskK7dksGBxtqCCHUdswg5\n+VNyaNPxmLb3K8JQlhxOXK5YvTdahw5AHojCHvOne43To0XTw/1z9ZE6iZP0Geo1\n5VyAjjtsadlWIND+tbiZZU7MbIM7qnP9tPZ1zFqNoQcZrErQciTDDLoNDQqmtiqz\nLry4n1pHngemi/A5seXz2LVeS8ouSkCUCQhKYbeIvUBZ75YM8+zCoIXo+Kpw8dgf\nooWXG3FscqjH+QQWYVqMUJx0fTIEUsw/EdBl5EHFv0P4tTcXoXj1z4QeXNK8Ydmp\nBB8XMFaHPv63/KD4pNphEGWLgdjYtyW2v6pxH6chAoIBAC4s0oq4lDT5bzmaaxJw\njlf3KLWpWU0wd6pSEFgvPgjoRwBXGBzxKBnXo2OO3IV/SHW9ZqtBnOvyUdwcBUSD\nOUDwbLPluOBUB53db5EDxp+ngLBRP+HNloZsEyXTXObEYFPUkr3JudcqA/vc+m8+\nJJgRg+6BJ25UXVmXjXjETnIoMxKWxsE+J83P1hAM/+YbX3gdY9ejbbFueXTKhjm0\nzN/vsHh/o4755vrxk4KMg2L36U7YwOJ5w7ntuk6oPkQp7Yz2Jk8AxGU0G+ssgGnS\nDml3UccdwSF1GGpwJ5u3zpl6RPBZaWViX9MxlBppIpMJsSu4UtoQ849cynp2ZYso\neecCggEAILoZa/pUq/tH0ehKecB0gFjCMetJxF4u4rOF/OQii07XjaUxpmdwDPaL\nzgDu3NrmJF68g28/tSAaCdUg7JfhoRYInVOJfk8NLlzERmPsD+ljkfqBuMxerBo3\nTGb0GfFJ1WUxmL3F/bCzUJUBRqs+Baw19L4ROJ+JNaNB7OQu196WVV5rpgZDJTPv\naRKT6Tqcm47qgbRvnSFof9Wmok8LFHSCSqo8tHcQz3Za+s1yP+s8J5JHHYObxk6G\nHE843iuXlWbApLTPJbLB0prNUL/32y4ELNvTUuiV8j1rmYwcEwlhbOO4nM3OQ1Sa\ncvJCa1Y7MjQHtwDwA0wAV8XNZRhIhg==\n-----END PRIVATE KEY-----\n",
            "public_key_fingerprint_md5": "d9:40:87:48:be:3c:b9:fb:74:4f:c3:bf:82:86:d1:3e",
            "public_key_fingerprint_sha256": "SHA256:9Vjd4eCPHkGIk/mWMTQP6Lursx0+QE8THfFD8jdm8b4",
            "public_key_openssh": "ssh-rsa AAAAB3NzaC1yc2EAAAADAQABAAACAQDRp0wIreuYuz6venFvctXqILRWNjxStmtbXGnqcYA1Hc/jUCzQi92EuHP+1gD0cSftAcV+BjGYbRdQ8DLODkzavcQgGxw1RYhObaUYEcgFB2fC/yLGh1FepleNsNkl/uXA/SgxdeO/H2I7Z0HAP47nrw/a0B+HhXSKlBlD/ifwMC9Ch6+6jRQNdXZpCdZHdam1/WavCHDUJA0AQSZfDxypa/Yf+eVlDQ1WfpGzMkU/iwiSOWssrmtEp99BBJAJ61PkMnj0JkLnuBQj0PNa8Rw7FOqLk2Nxeyw0QuW3C465n3Lxi9yhm9SmFPAXhwKdRRulMdyzFrfuhivK91SZujfTBkeXfgWenDMn01CeG6DUEhYMpiNPNy+BxSJCfxDGX63/CwY7CLRweNf0Ih7P7yrM3GqMgXYCHda7j2eUa42Yg6FCYZpk2Vt13L9f/fTtCXw6lY5o2X6W86Kn37C61SpNIw1+MMp3n2p0163MoqX8Kh1gfNWDXlIbA3YSOCZPVxGs21q+/enhkAE3+Ab0Nbu0M5mEtIoY9Pr7LS+a1Jf/in/sOuW5HdNUucLcnw5PqeoCo2wL3A6CLOu6Lu7m0+WrWdmrtNMhGVARdACOgrZxfxRyISfT5qhqEIhyOaR4ElVgnj0x28NBddPTZttiTt0T10oAC5d3kYuSzd5GgyAIAw==\n",
            "public_key_pem": "-----BEGIN PUBLIC KEY-----\nMIICIjANBgkqhkiG9w0BAQEFAAOCAg8AMIICCgKCAgEA0adMCK3rmLs+r3pxb3LV\n6iC0VjY8UrZrW1xp6nGANR3P41As0IvdhLhz/tYA9HEn7QHFfgYxmG0XUPAyzg5M\n2r3EIBscNUWITm2lGBHIBQdnwv8ixodRXqZXjbDZJf7lwP0oMXXjvx9iO2dBwD+O\n568P2tAfh4V0ipQZQ/4n8DAvQoevuo0UDXV2aQnWR3Wptf1mrwhw1CQNAEEmXw8c\nqWv2H/nlZQ0NVn6RszJFP4sIkjlrLK5rRKffQQSQCetT5DJ49CZC57gUI9DzWvEc\nOxTqi5NjcXssNELltwuOuZ9y8YvcoZvUphTwF4cCnUUbpTHcsxa37oYryvdUmbo3\n0wZHl34FnpwzJ9NQnhug1BIWDKYjTzcvgcUiQn8Qxl+t/wsGOwi0cHjX9CIez+8q\nzNxqjIF2Ah3Wu49nlGuNmIOhQmGaZNlbddy/X/307Ql8OpWOaNl+lvOip9+wutUq\nTSMNfjDKd59qdNetzKKl/CodYHzVg15SGwN2EjgmT1cRrNtavv3p4ZABN/gG9DW7\ntDOZhLSKGPT6+y0vmtSX/4p/7DrluR3TVLnC3J8OT6nqAqNsC9wOgizrui7u5tPl\nq1nZq7TTIRlQEXQAjoK2cX8UciEn0+aoahCIcjmkeBJVYJ49MdvDQXXT02bbYk7d\nE9dKAAuXd5GLks3eRoMgCAMCAwEAAQ==\n-----END PUBLIC KEY-----\n",
            "rsa_bits": 4096
          },
          "sensitive_attributes": [
            [
              {
                "type": "get_attr",
                "value": "private_key_pem_pkcs8"
              }
            ],
            [
              {
                "type": "get_attr",
                "value": "private_key_pem"
              }
            ],
            [
              {
                "type": "get_attr",
                "value": "private_key_openssh"
              }
            ]
          ]
        }
      ]
    },
    {
      "module": "module.network",
      "mode": "managed",
      "type": "aws_eip",
      "name": "nat",
      "provider": "provider[\"registry.terraform.io/hashicorp/aws\"]",
      "instances": [
        {
          "schema_version": 0,
          "attributes": {
            "address": null,
            "allocation_id": "eipalloc-0f684b5a5bd03ba60",
            "arn": "arn:aws:ec2:us-east-1:324037288403:elastic-ip/eipalloc-0f684b5a5bd03ba60",
            "associate_with_private_ip": null,
            "association_id": "eipassoc-08ecd0debee51c71e",
            "carrier_ip": "",
            "customer_owned_ip": "",
            "customer_owned_ipv4_pool": "",
            "domain": "vpc",
            "id": "eipalloc-0f684b5a5bd03ba60",
            "instance": "",
            "ipam_pool_id": null,
            "network_border_group": "us-east-1",
            "network_interface": "eni-0b418eb9b1aea6a29",
            "private_dns": "ip-10-0-1-29.ec2.internal",
            "private_ip": "10.0.1.29",
            "ptr_record": "",
            "public_dns": "ec2-54-226-196-3.compute-1.amazonaws.com",
            "public_ip": "54.226.196.3",
            "public_ipv4_pool": "amazon",
            "tags": {
              "Name": "nat-eip"
            },
            "tags_all": {
              "Name": "nat-eip"
            },
            "timeouts": null,
            "vpc": true
          },
          "sensitive_attributes": [],
          "private": "eyJlMmJmYjczMC1lY2FhLTExZTYtOGY4OC0zNDM2M2JjN2M0YzAiOnsiZGVsZXRlIjoxODAwMDAwMDAwMDAsInJlYWQiOjkwMDAwMDAwMDAwMCwidXBkYXRlIjozMDAwMDAwMDAwMDB9fQ=="
        }
      ]
    },
    {
      "module": "module.network",
      "mode": "managed",
      "type": "aws_internet_gateway",
      "name": "main",
      "provider": "provider[\"registry.terraform.io/hashicorp/aws\"]",
      "instances": [
        {
          "schema_version": 0,
          "attributes": {
            "arn": "arn:aws:ec2:us-east-1:324037288403:internet-gateway/igw-05c8dfa642c2df39d",
            "id": "igw-05c8dfa642c2df39d",
            "owner_id": "324037288403",
            "tags": {
              "Name": "main"
            },
            "tags_all": {
              "Name": "main"
            },
            "timeouts": null,
            "vpc_id": "vpc-0f29f32eb32f341ce"
          },
          "sensitive_attributes": [],
          "private": "eyJlMmJmYjczMC1lY2FhLTExZTYtOGY4OC0zNDM2M2JjN2M0YzAiOnsiY3JlYXRlIjoxMjAwMDAwMDAwMDAwLCJkZWxldGUiOjEyMDAwMDAwMDAwMDAsInVwZGF0ZSI6MTIwMDAwMDAwMDAwMH19",
          "dependencies": [
            "module.network.aws_vpc.main"
          ]
        }
      ]
    },
    {
      "module": "module.network",
      "mode": "managed",
      "type": "aws_nat_gateway",
      "name": "main",
      "provider": "provider[\"registry.terraform.io/hashicorp/aws\"]",
      "instances": [
        {
          "schema_version": 0,
          "attributes": {
            "allocation_id": "eipalloc-0f684b5a5bd03ba60",
            "association_id": "eipassoc-08ecd0debee51c71e",
            "connectivity_type": "public",
            "id": "nat-011cf8b861759c7c7",
            "network_interface_id": "eni-0b418eb9b1aea6a29",
            "private_ip": "10.0.1.29",
            "public_ip": "54.226.196.3",
            "secondary_allocation_ids": [],
            "secondary_private_ip_address_count": 0,
            "secondary_private_ip_addresses": [],
            "subnet_id": "subnet-0c7248740baf7271c",
            "tags": {
              "Name": "main-nat-gateway"
            },
            "tags_all": {
              "Name": "main-nat-gateway"
            },
            "timeouts": null
          },
          "sensitive_attributes": [],
          "private": "eyJlMmJmYjczMC1lY2FhLTExZTYtOGY4OC0zNDM2M2JjN2M0YzAiOnsiY3JlYXRlIjo2MDAwMDAwMDAwMDAsImRlbGV0ZSI6MTgwMDAwMDAwMDAwMCwidXBkYXRlIjo2MDAwMDAwMDAwMDB9fQ==",
          "dependencies": [
            "module.network.aws_eip.nat",
            "module.network.aws_internet_gateway.main",
            "module.network.aws_subnet.main-1a",
            "module.network.aws_vpc.main"
          ]
        }
      ]
    },
    {
      "module": "module.network",
      "mode": "managed",
      "type": "aws_subnet",
      "name": "main-1a",
      "provider": "provider[\"registry.terraform.io/hashicorp/aws\"]",
      "instances": [
        {
          "schema_version": 1,
          "attributes": {
            "arn": "arn:aws:ec2:us-east-1:324037288403:subnet/subnet-0c7248740baf7271c",
            "assign_ipv6_address_on_creation": false,
            "availability_zone": "us-east-1a",
            "availability_zone_id": "use1-az4",
            "cidr_block": "10.0.1.0/24",
            "customer_owned_ipv4_pool": "",
            "enable_dns64": false,
            "enable_lni_at_device_index": 0,
            "enable_resource_name_dns_a_record_on_launch": false,
            "enable_resource_name_dns_aaaa_record_on_launch": false,
            "id": "subnet-0c7248740baf7271c",
            "ipv6_cidr_block": "",
            "ipv6_cidr_block_association_id": "",
            "ipv6_native": false,
            "map_customer_owned_ip_on_launch": false,
            "map_public_ip_on_launch": true,
            "outpost_arn": "",
            "owner_id": "324037288403",
            "private_dns_hostname_type_on_launch": "ip-name",
            "tags": {
              "Name": "public-subnet-1a"
            },
            "tags_all": {
              "Name": "public-subnet-1a"
            },
            "timeouts": null,
            "vpc_id": "vpc-0f29f32eb32f341ce"
          },
          "sensitive_attributes": [],
          "private": "eyJlMmJmYjczMC1lY2FhLTExZTYtOGY4OC0zNDM2M2JjN2M0YzAiOnsiY3JlYXRlIjo2MDAwMDAwMDAwMDAsImRlbGV0ZSI6MTIwMDAwMDAwMDAwMH0sInNjaGVtYV92ZXJzaW9uIjoiMSJ9",
          "dependencies": [
            "module.network.aws_vpc.main"
          ]
        }
      ]
    },
    {
      "module": "module.network",
      "mode": "managed",
      "type": "aws_subnet",
      "name": "main_1b",
      "provider": "provider[\"registry.terraform.io/hashicorp/aws\"]",
      "instances": [
        {
          "schema_version": 1,
          "attributes": {
            "arn": "arn:aws:ec2:us-east-1:324037288403:subnet/subnet-0ad045acaa1f9bea9",
            "assign_ipv6_address_on_creation": false,
            "availability_zone": "us-east-1b",
            "availability_zone_id": "use1-az6",
            "cidr_block": "10.0.2.0/24",
            "customer_owned_ipv4_pool": "",
            "enable_dns64": false,
            "enable_lni_at_device_index": 0,
            "enable_resource_name_dns_a_record_on_launch": false,
            "enable_resource_name_dns_aaaa_record_on_launch": false,
            "id": "subnet-0ad045acaa1f9bea9",
            "ipv6_cidr_block": "",
            "ipv6_cidr_block_association_id": "",
            "ipv6_native": false,
            "map_customer_owned_ip_on_launch": false,
            "map_public_ip_on_launch": true,
            "outpost_arn": "",
            "owner_id": "324037288403",
            "private_dns_hostname_type_on_launch": "ip-name",
            "tags": {
              "Name": "public-subnet-1b"
            },
            "tags_all": {
              "Name": "public-subnet-1b"
            },
            "timeouts": null,
            "vpc_id": "vpc-0f29f32eb32f341ce"
          },
          "sensitive_attributes": [],
          "private": "eyJlMmJmYjczMC1lY2FhLTExZTYtOGY4OC0zNDM2M2JjN2M0YzAiOnsiY3JlYXRlIjo2MDAwMDAwMDAwMDAsImRlbGV0ZSI6MTIwMDAwMDAwMDAwMH0sInNjaGVtYV92ZXJzaW9uIjoiMSJ9",
          "dependencies": [
            "module.network.aws_vpc.main"
          ]
        }
      ]
    },
    {
      "module": "module.network",
      "mode": "managed",
      "type": "aws_subnet",
      "name": "private_1a",
      "provider": "provider[\"registry.terraform.io/hashicorp/aws\"]",
      "instances": [
        {
          "schema_version": 1,
          "attributes": {
            "arn": "arn:aws:ec2:us-east-1:324037288403:subnet/subnet-0508b674290ab86d4",
            "assign_ipv6_address_on_creation": false,
            "availability_zone": "us-east-1a",
            "availability_zone_id": "use1-az4",
            "cidr_block": "10.0.3.0/24",
            "customer_owned_ipv4_pool": "",
            "enable_dns64": false,
            "enable_lni_at_device_index": 0,
            "enable_resource_name_dns_a_record_on_launch": false,
            "enable_resource_name_dns_aaaa_record_on_launch": false,
            "id": "subnet-0508b674290ab86d4",
            "ipv6_cidr_block": "",
            "ipv6_cidr_block_association_id": "",
            "ipv6_native": false,
            "map_customer_owned_ip_on_launch": false,
            "map_public_ip_on_launch": false,
            "outpost_arn": "",
            "owner_id": "324037288403",
            "private_dns_hostname_type_on_launch": "ip-name",
            "tags": {
              "Name": "private-subnet-1a"
            },
            "tags_all": {
              "Name": "private-subnet-1a"
            },
            "timeouts": null,
            "vpc_id": "vpc-0f29f32eb32f341ce"
          },
          "sensitive_attributes": [],
          "private": "eyJlMmJmYjczMC1lY2FhLTExZTYtOGY4OC0zNDM2M2JjN2M0YzAiOnsiY3JlYXRlIjo2MDAwMDAwMDAwMDAsImRlbGV0ZSI6MTIwMDAwMDAwMDAwMH0sInNjaGVtYV92ZXJzaW9uIjoiMSJ9",
          "dependencies": [
            "module.network.aws_vpc.main"
          ]
        }
      ]
    },
    {
      "module": "module.network",
      "mode": "managed",
      "type": "aws_subnet",
      "name": "private_1b",
      "provider": "provider[\"registry.terraform.io/hashicorp/aws\"]",
      "instances": [
        {
          "schema_version": 1,
          "attributes": {
            "arn": "arn:aws:ec2:us-east-1:324037288403:subnet/subnet-04020810faccf5eba",
            "assign_ipv6_address_on_creation": false,
            "availability_zone": "us-east-1b",
            "availability_zone_id": "use1-az6",
            "cidr_block": "10.0.4.0/24",
            "customer_owned_ipv4_pool": "",
            "enable_dns64": false,
            "enable_lni_at_device_index": 0,
            "enable_resource_name_dns_a_record_on_launch": false,
            "enable_resource_name_dns_aaaa_record_on_launch": false,
            "id": "subnet-04020810faccf5eba",
            "ipv6_cidr_block": "",
            "ipv6_cidr_block_association_id": "",
            "ipv6_native": false,
            "map_customer_owned_ip_on_launch": false,
            "map_public_ip_on_launch": false,
            "outpost_arn": "",
            "owner_id": "324037288403",
            "private_dns_hostname_type_on_launch": "ip-name",
            "tags": {
              "Name": "private-subnet-1b"
            },
            "tags_all": {
              "Name": "private-subnet-1b"
            },
            "timeouts": null,
            "vpc_id": "vpc-0f29f32eb32f341ce"
          },
          "sensitive_attributes": [],
          "private": "eyJlMmJmYjczMC1lY2FhLTExZTYtOGY4OC0zNDM2M2JjN2M0YzAiOnsiY3JlYXRlIjo2MDAwMDAwMDAwMDAsImRlbGV0ZSI6MTIwMDAwMDAwMDAwMH0sInNjaGVtYV92ZXJzaW9uIjoiMSJ9",
          "dependencies": [
            "module.network.aws_vpc.main"
          ]
        }
      ]
    },
    {
      "module": "module.network",
      "mode": "managed",
      "type": "aws_vpc",
      "name": "main",
      "provider": "provider[\"registry.terraform.io/hashicorp/aws\"]",
      "instances": [
        {
          "schema_version": 1,
          "attributes": {
            "arn": "arn:aws:ec2:us-east-1:324037288403:vpc/vpc-0f29f32eb32f341ce",
            "assign_generated_ipv6_cidr_block": false,
            "cidr_block": "10.0.0.0/16",
            "default_network_acl_id": "acl-0d0ee8031344b717f",
            "default_route_table_id": "rtb-077089d67c2d678c6",
            "default_security_group_id": "sg-02c378f36ce6cb3ac",
            "dhcp_options_id": "dopt-0e8c8589dc69605aa",
            "enable_dns_hostnames": true,
            "enable_dns_support": true,
            "enable_network_address_usage_metrics": false,
            "id": "vpc-0f29f32eb32f341ce",
            "instance_tenancy": "default",
            "ipv4_ipam_pool_id": null,
            "ipv4_netmask_length": null,
            "ipv6_association_id": "",
            "ipv6_cidr_block": "",
            "ipv6_cidr_block_network_border_group": "",
            "ipv6_ipam_pool_id": "",
            "ipv6_netmask_length": 0,
            "main_route_table_id": "rtb-077089d67c2d678c6",
            "owner_id": "324037288403",
            "tags": {
              "Name": "test"
            },
            "tags_all": {
              "Name": "test"
            }
          },
          "sensitive_attributes": [],
          "private": "eyJzY2hlbWFfdmVyc2lvbiI6IjEifQ=="
        }
      ]
    }
  ],
  "check_results": null
}
